// !$*UTF8*$!
{
	archiveVersion = 1;
	classes = {
	};
	objectVersion = 56;
	objects = {

/* Begin PBXBuildFile section */
		0044D0A72A0659BB00B8954E /* GoogleService-Info.plist in Resources */ = {isa = PBXBuildFile; fileRef = 0044D0A62A0659BB00B8954E /* GoogleService-Info.plist */; };
		00C2ACC629FEBA5A0011DD89 /* AppDelegate.swift in Sources */ = {isa = PBXBuildFile; fileRef = 00C2ACC529FEBA5A0011DD89 /* AppDelegate.swift */; };
		00C2ACC829FEBA5A0011DD89 /* SceneDelegate.swift in Sources */ = {isa = PBXBuildFile; fileRef = 00C2ACC729FEBA5A0011DD89 /* SceneDelegate.swift */; };
		00C2ACCA29FEBA5A0011DD89 /* WelcomeViewController.swift in Sources */ = {isa = PBXBuildFile; fileRef = 00C2ACC929FEBA5A0011DD89 /* WelcomeViewController.swift */; };
		00C2ACCD29FEBA5A0011DD89 /* Main.storyboard in Resources */ = {isa = PBXBuildFile; fileRef = 00C2ACCB29FEBA5A0011DD89 /* Main.storyboard */; };
		00C2ACCF29FEBA5C0011DD89 /* Assets.xcassets in Resources */ = {isa = PBXBuildFile; fileRef = 00C2ACCE29FEBA5C0011DD89 /* Assets.xcassets */; };
		00C2ACD229FEBA5C0011DD89 /* LaunchScreen.storyboard in Resources */ = {isa = PBXBuildFile; fileRef = 00C2ACD029FEBA5C0011DD89 /* LaunchScreen.storyboard */; };
		00C2ACDB29FED3770011DD89 /* JVFloatLabeledTextField in Frameworks */ = {isa = PBXBuildFile; productRef = 00C2ACDA29FED3770011DD89 /* JVFloatLabeledTextField */; };
		00C2ACDD29FEEA5F0011DD89 /* RegisterViewController.swift in Sources */ = {isa = PBXBuildFile; fileRef = 00C2ACDC29FEEA5F0011DD89 /* RegisterViewController.swift */; };
		00C2ACDF29FEEA8F0011DD89 /* LogInViewController.swift in Sources */ = {isa = PBXBuildFile; fileRef = 00C2ACDE29FEEA8F0011DD89 /* LogInViewController.swift */; };
		00C2ACE529FF973F0011DD89 /* FirebaseAuth in Frameworks */ = {isa = PBXBuildFile; productRef = 00C2ACE429FF973F0011DD89 /* FirebaseAuth */; };
		00C2ACE729FF973F0011DD89 /* FirebaseFirestore in Frameworks */ = {isa = PBXBuildFile; productRef = 00C2ACE629FF973F0011DD89 /* FirebaseFirestore */; };
		00C2ACE929FF9C370011DD89 /* K.swift in Sources */ = {isa = PBXBuildFile; fileRef = 00C2ACE829FF9C370011DD89 /* K.swift */; };
		00C2ACF129FFDECD0011DD89 /* ChatViewController.swift in Sources */ = {isa = PBXBuildFile; fileRef = 00C2ACF029FFDECD0011DD89 /* ChatViewController.swift */; };
		00D2E7BF29FFFAD7006A1C2A /* IQKeyboardManagerSwift in Frameworks */ = {isa = PBXBuildFile; productRef = 00D2E7BE29FFFAD7006A1C2A /* IQKeyboardManagerSwift */; };
		00D2E7C229FFFCE5006A1C2A /* CustomMessageCell.swift in Sources */ = {isa = PBXBuildFile; fileRef = 00D2E7C029FFFCE5006A1C2A /* CustomMessageCell.swift */; };
		00D2E7C329FFFCE5006A1C2A /* CustomMessageCell.xib in Resources */ = {isa = PBXBuildFile; fileRef = 00D2E7C129FFFCE5006A1C2A /* CustomMessageCell.xib */; };
		00D2E7C62A000EF2006A1C2A /* Message.swift in Sources */ = {isa = PBXBuildFile; fileRef = 00D2E7C52A000EF2006A1C2A /* Message.swift */; };
		0B1CF994C9935FF08B996061 /* Pods_ChatGenie.framework in Frameworks */ = {isa = PBXBuildFile; fileRef = ED228BF3B34C7B7DED0B9724 /* Pods_ChatGenie.framework */; };
/* End PBXBuildFile section */

/* Begin PBXFileReference section */
		0044D0A62A0659BB00B8954E /* GoogleService-Info.plist */ = {isa = PBXFileReference; fileEncoding = 4; lastKnownFileType = text.plist.xml; path = "GoogleService-Info.plist"; sourceTree = "<group>"; };
		00C2ACC229FEBA5A0011DD89 /* ChatGenie.app */ = {isa = PBXFileReference; explicitFileType = wrapper.application; includeInIndex = 0; path = ChatGenie.app; sourceTree = BUILT_PRODUCTS_DIR; };
		00C2ACC529FEBA5A0011DD89 /* AppDelegate.swift */ = {isa = PBXFileReference; lastKnownFileType = sourcecode.swift; path = AppDelegate.swift; sourceTree = "<group>"; };
		00C2ACC729FEBA5A0011DD89 /* SceneDelegate.swift */ = {isa = PBXFileReference; lastKnownFileType = sourcecode.swift; path = SceneDelegate.swift; sourceTree = "<group>"; };
		00C2ACC929FEBA5A0011DD89 /* WelcomeViewController.swift */ = {isa = PBXFileReference; lastKnownFileType = sourcecode.swift; path = WelcomeViewController.swift; sourceTree = "<group>"; };
		00C2ACCC29FEBA5A0011DD89 /* Base */ = {isa = PBXFileReference; lastKnownFileType = file.storyboard; name = Base; path = Base.lproj/Main.storyboard; sourceTree = "<group>"; };
		00C2ACCE29FEBA5C0011DD89 /* Assets.xcassets */ = {isa = PBXFileReference; lastKnownFileType = folder.assetcatalog; path = Assets.xcassets; sourceTree = "<group>"; };
		00C2ACD129FEBA5C0011DD89 /* Base */ = {isa = PBXFileReference; lastKnownFileType = file.storyboard; name = Base; path = Base.lproj/LaunchScreen.storyboard; sourceTree = "<group>"; };
		00C2ACD329FEBA5C0011DD89 /* Info.plist */ = {isa = PBXFileReference; lastKnownFileType = text.plist.xml; path = Info.plist; sourceTree = "<group>"; };
		00C2ACDC29FEEA5F0011DD89 /* RegisterViewController.swift */ = {isa = PBXFileReference; lastKnownFileType = sourcecode.swift; path = RegisterViewController.swift; sourceTree = "<group>"; };
		00C2ACDE29FEEA8F0011DD89 /* LogInViewController.swift */ = {isa = PBXFileReference; lastKnownFileType = sourcecode.swift; path = LogInViewController.swift; sourceTree = "<group>"; };
		00C2ACE829FF9C370011DD89 /* K.swift */ = {isa = PBXFileReference; lastKnownFileType = sourcecode.swift; path = K.swift; sourceTree = "<group>"; };
		00C2ACF029FFDECD0011DD89 /* ChatViewController.swift */ = {isa = PBXFileReference; lastKnownFileType = sourcecode.swift; path = ChatViewController.swift; sourceTree = "<group>"; };
		00D2E7C029FFFCE5006A1C2A /* CustomMessageCell.swift */ = {isa = PBXFileReference; lastKnownFileType = sourcecode.swift; path = CustomMessageCell.swift; sourceTree = "<group>"; };
		00D2E7C129FFFCE5006A1C2A /* CustomMessageCell.xib */ = {isa = PBXFileReference; lastKnownFileType = file.xib; path = CustomMessageCell.xib; sourceTree = "<group>"; };
		00D2E7C52A000EF2006A1C2A /* Message.swift */ = {isa = PBXFileReference; lastKnownFileType = sourcecode.swift; path = Message.swift; sourceTree = "<group>"; };
		8BFD168F2ABCD2A70C8049EC /* Pods-ChatGenie.release.xcconfig */ = {isa = PBXFileReference; includeInIndex = 1; lastKnownFileType = text.xcconfig; name = "Pods-ChatGenie.release.xcconfig"; path = "Target Support Files/Pods-ChatGenie/Pods-ChatGenie.release.xcconfig"; sourceTree = "<group>"; };
		EBE8171CC7047677E2AD76A9 /* Pods-ChatGenie.debug.xcconfig */ = {isa = PBXFileReference; includeInIndex = 1; lastKnownFileType = text.xcconfig; name = "Pods-ChatGenie.debug.xcconfig"; path = "Target Support Files/Pods-ChatGenie/Pods-ChatGenie.debug.xcconfig"; sourceTree = "<group>"; };
		ED228BF3B34C7B7DED0B9724 /* Pods_ChatGenie.framework */ = {isa = PBXFileReference; explicitFileType = wrapper.framework; includeInIndex = 0; path = Pods_ChatGenie.framework; sourceTree = BUILT_PRODUCTS_DIR; };
/* End PBXFileReference section */

/* Begin PBXFrameworksBuildPhase section */
		00C2ACBF29FEBA5A0011DD89 /* Frameworks */ = {
			isa = PBXFrameworksBuildPhase;
			buildActionMask = 2147483647;
			files = (
				00D2E7BF29FFFAD7006A1C2A /* IQKeyboardManagerSwift in Frameworks */,
				0B1CF994C9935FF08B996061 /* Pods_ChatGenie.framework in Frameworks */,
				00C2ACE729FF973F0011DD89 /* FirebaseFirestore in Frameworks */,
				00C2ACE529FF973F0011DD89 /* FirebaseAuth in Frameworks */,
				00C2ACDB29FED3770011DD89 /* JVFloatLabeledTextField in Frameworks */,
			);
			runOnlyForDeploymentPostprocessing = 0;
		};
/* End PBXFrameworksBuildPhase section */

/* Begin PBXGroup section */
		00C2ACB929FEBA5A0011DD89 = {
			isa = PBXGroup;
			children = (
				00C2ACC429FEBA5A0011DD89 /* ChatGenie */,
				00C2ACC329FEBA5A0011DD89 /* Products */,
				22B1CCD481B0A926D57BDEE0 /* Pods */,
				3FD55421E3597CAF65FD3716 /* Frameworks */,
			);
			sourceTree = "<group>";
		};
		00C2ACC329FEBA5A0011DD89 /* Products */ = {
			isa = PBXGroup;
			children = (
				00C2ACC229FEBA5A0011DD89 /* ChatGenie.app */,
			);
			name = Products;
			sourceTree = "<group>";
		};
		00C2ACC429FEBA5A0011DD89 /* ChatGenie */ = {
			isa = PBXGroup;
			children = (
				00C2ACC529FEBA5A0011DD89 /* AppDelegate.swift */,
				00C2ACC729FEBA5A0011DD89 /* SceneDelegate.swift */,
				00C2ACE829FF9C370011DD89 /* K.swift */,
				00D2E7C42A000E80006A1C2A /* Model */,
				00C2ACEF29FFBA2B0011DD89 /* View */,
				00C2ACEE29FFBA0F0011DD89 /* Controller */,
				00C2ACCE29FEBA5C0011DD89 /* Assets.xcassets */,
				00C2ACD329FEBA5C0011DD89 /* Info.plist */,
				0044D0A62A0659BB00B8954E /* GoogleService-Info.plist */,
			);
			path = ChatGenie;
			sourceTree = "<group>";
		};
		00C2ACEE29FFBA0F0011DD89 /* Controller */ = {
			isa = PBXGroup;
			children = (
				00C2ACC929FEBA5A0011DD89 /* WelcomeViewController.swift */,
				00C2ACDE29FEEA8F0011DD89 /* LogInViewController.swift */,
				00C2ACDC29FEEA5F0011DD89 /* RegisterViewController.swift */,
				00C2ACF029FFDECD0011DD89 /* ChatViewController.swift */,
			);
			path = Controller;
			sourceTree = "<group>";
		};
		00C2ACEF29FFBA2B0011DD89 /* View */ = {
			isa = PBXGroup;
			children = (
				00C2ACCB29FEBA5A0011DD89 /* Main.storyboard */,
				00C2ACD029FEBA5C0011DD89 /* LaunchScreen.storyboard */,
				00D2E7C029FFFCE5006A1C2A /* CustomMessageCell.swift */,
				00D2E7C129FFFCE5006A1C2A /* CustomMessageCell.xib */,
			);
			path = View;
			sourceTree = "<group>";
		};
		00D2E7C42A000E80006A1C2A /* Model */ = {
			isa = PBXGroup;
			children = (
				00D2E7C52A000EF2006A1C2A /* Message.swift */,
			);
			path = Model;
			sourceTree = "<group>";
		};
		22B1CCD481B0A926D57BDEE0 /* Pods */ = {
			isa = PBXGroup;
			children = (
				EBE8171CC7047677E2AD76A9 /* Pods-ChatGenie.debug.xcconfig */,
				8BFD168F2ABCD2A70C8049EC /* Pods-ChatGenie.release.xcconfig */,
			);
			path = Pods;
			sourceTree = "<group>";
		};
		3FD55421E3597CAF65FD3716 /* Frameworks */ = {
			isa = PBXGroup;
			children = (
				ED228BF3B34C7B7DED0B9724 /* Pods_ChatGenie.framework */,
			);
			name = Frameworks;
			sourceTree = "<group>";
		};
/* End PBXGroup section */

/* Begin PBXNativeTarget section */
		00C2ACC129FEBA5A0011DD89 /* ChatGenie */ = {
			isa = PBXNativeTarget;
			buildConfigurationList = 00C2ACD629FEBA5C0011DD89 /* Build configuration list for PBXNativeTarget "ChatGenie" */;
			buildPhases = (
				DB3D1901934E3E78FDE694F7 /* [CP] Check Pods Manifest.lock */,
				00C2ACBE29FEBA5A0011DD89 /* Sources */,
				00C2ACBF29FEBA5A0011DD89 /* Frameworks */,
				00C2ACC029FEBA5A0011DD89 /* Resources */,
			);
			buildRules = (
			);
			dependencies = (
			);
			name = ChatGenie;
			packageProductDependencies = (
				00C2ACDA29FED3770011DD89 /* JVFloatLabeledTextField */,
				00C2ACE429FF973F0011DD89 /* FirebaseAuth */,
				00C2ACE629FF973F0011DD89 /* FirebaseFirestore */,
				00D2E7BE29FFFAD7006A1C2A /* IQKeyboardManagerSwift */,
			);
			productName = ChatGenie;
			productReference = 00C2ACC229FEBA5A0011DD89 /* ChatGenie.app */;
			productType = "com.apple.product-type.application";
		};
/* End PBXNativeTarget section */

/* Begin PBXProject section */
		00C2ACBA29FEBA5A0011DD89 /* Project object */ = {
			isa = PBXProject;
			attributes = {
				BuildIndependentTargetsInParallel = 1;
				LastSwiftUpdateCheck = 1430;
				LastUpgradeCheck = 1430;
				TargetAttributes = {
					00C2ACC129FEBA5A0011DD89 = {
						CreatedOnToolsVersion = 14.3;
					};
				};
			};
			buildConfigurationList = 00C2ACBD29FEBA5A0011DD89 /* Build configuration list for PBXProject "ChatGenie" */;
			compatibilityVersion = "Xcode 14.0";
			developmentRegion = en;
			hasScannedForEncodings = 0;
			knownRegions = (
				en,
				Base,
			);
			mainGroup = 00C2ACB929FEBA5A0011DD89;
			packageReferences = (
				00C2ACD929FED3770011DD89 /* XCRemoteSwiftPackageReference "JVFloatLabeledTextField" */,
				00C2ACE329FF973F0011DD89 /* XCRemoteSwiftPackageReference "firebase-ios-sdk" */,
				00D2E7BD29FFFAD7006A1C2A /* XCRemoteSwiftPackageReference "IQKeyboardManager" */,
			);
			productRefGroup = 00C2ACC329FEBA5A0011DD89 /* Products */;
			projectDirPath = "";
			projectRoot = "";
			targets = (
				00C2ACC129FEBA5A0011DD89 /* ChatGenie */,
			);
		};
/* End PBXProject section */

/* Begin PBXResourcesBuildPhase section */
		00C2ACC029FEBA5A0011DD89 /* Resources */ = {
			isa = PBXResourcesBuildPhase;
			buildActionMask = 2147483647;
			files = (
				00C2ACD229FEBA5C0011DD89 /* LaunchScreen.storyboard in Resources */,
				00C2ACCF29FEBA5C0011DD89 /* Assets.xcassets in Resources */,
				0044D0A72A0659BB00B8954E /* GoogleService-Info.plist in Resources */,
				00D2E7C329FFFCE5006A1C2A /* CustomMessageCell.xib in Resources */,
				00C2ACCD29FEBA5A0011DD89 /* Main.storyboard in Resources */,
			);
			runOnlyForDeploymentPostprocessing = 0;
		};
/* End PBXResourcesBuildPhase section */

/* Begin PBXShellScriptBuildPhase section */
		DB3D1901934E3E78FDE694F7 /* [CP] Check Pods Manifest.lock */ = {
			isa = PBXShellScriptBuildPhase;
			buildActionMask = 2147483647;
			files = (
			);
			inputFileListPaths = (
			);
			inputPaths = (
				"${PODS_PODFILE_DIR_PATH}/Podfile.lock",
				"${PODS_ROOT}/Manifest.lock",
			);
			name = "[CP] Check Pods Manifest.lock";
			outputFileListPaths = (
			);
			outputPaths = (
				"$(DERIVED_FILE_DIR)/Pods-ChatGenie-checkManifestLockResult.txt",
			);
			runOnlyForDeploymentPostprocessing = 0;
			shellPath = /bin/sh;
			shellScript = "diff \"${PODS_PODFILE_DIR_PATH}/Podfile.lock\" \"${PODS_ROOT}/Manifest.lock\" > /dev/null\nif [ $? != 0 ] ; then\n    # print error to STDERR\n    echo \"error: The sandbox is not in sync with the Podfile.lock. Run 'pod install' or update your CocoaPods installation.\" >&2\n    exit 1\nfi\n# This output is used by Xcode 'outputs' to avoid re-running this script phase.\necho \"SUCCESS\" > \"${SCRIPT_OUTPUT_FILE_0}\"\n";
			showEnvVarsInLog = 0;
		};
/* End PBXShellScriptBuildPhase section */

/* Begin PBXSourcesBuildPhase section */
		00C2ACBE29FEBA5A0011DD89 /* Sources */ = {
			isa = PBXSourcesBuildPhase;
			buildActionMask = 2147483647;
			files = (
				00C2ACCA29FEBA5A0011DD89 /* WelcomeViewController.swift in Sources */,
				00C2ACC629FEBA5A0011DD89 /* AppDelegate.swift in Sources */,
				00D2E7C229FFFCE5006A1C2A /* CustomMessageCell.swift in Sources */,
				00D2E7C62A000EF2006A1C2A /* Message.swift in Sources */,
				00C2ACC829FEBA5A0011DD89 /* SceneDelegate.swift in Sources */,
				00C2ACF129FFDECD0011DD89 /* ChatViewController.swift in Sources */,
				00C2ACE929FF9C370011DD89 /* K.swift in Sources */,
				00C2ACDF29FEEA8F0011DD89 /* LogInViewController.swift in Sources */,
				00C2ACDD29FEEA5F0011DD89 /* RegisterViewController.swift in Sources */,
			);
			runOnlyForDeploymentPostprocessing = 0;
		};
/* End PBXSourcesBuildPhase section */

/* Begin PBXVariantGroup section */
		00C2ACCB29FEBA5A0011DD89 /* Main.storyboard */ = {
			isa = PBXVariantGroup;
			children = (
				00C2ACCC29FEBA5A0011DD89 /* Base */,
			);
			name = Main.storyboard;
			sourceTree = "<group>";
		};
		00C2ACD029FEBA5C0011DD89 /* LaunchScreen.storyboard */ = {
			isa = PBXVariantGroup;
			children = (
				00C2ACD129FEBA5C0011DD89 /* Base */,
			);
			name = LaunchScreen.storyboard;
			sourceTree = "<group>";
		};
/* End PBXVariantGroup section */

/* Begin XCBuildConfiguration section */
		00C2ACD429FEBA5C0011DD89 /* Debug */ = {
			isa = XCBuildConfiguration;
			buildSettings = {
				ALWAYS_SEARCH_USER_PATHS = NO;
				CLANG_ANALYZER_NONNULL = YES;
				CLANG_ANALYZER_NUMBER_OBJECT_CONVERSION = YES_AGGRESSIVE;
				CLANG_CXX_LANGUAGE_STANDARD = "gnu++20";
				CLANG_ENABLE_MODULES = YES;
				CLANG_ENABLE_OBJC_ARC = YES;
				CLANG_ENABLE_OBJC_WEAK = YES;
				CLANG_WARN_BLOCK_CAPTURE_AUTORELEASING = YES;
				CLANG_WARN_BOOL_CONVERSION = YES;
				CLANG_WARN_COMMA = YES;
				CLANG_WARN_CONSTANT_CONVERSION = YES;
				CLANG_WARN_DEPRECATED_OBJC_IMPLEMENTATIONS = YES;
				CLANG_WARN_DIRECT_OBJC_ISA_USAGE = YES_ERROR;
				CLANG_WARN_DOCUMENTATION_COMMENTS = YES;
				CLANG_WARN_EMPTY_BODY = YES;
				CLANG_WARN_ENUM_CONVERSION = YES;
				CLANG_WARN_INFINITE_RECURSION = YES;
				CLANG_WARN_INT_CONVERSION = YES;
				CLANG_WARN_NON_LITERAL_NULL_CONVERSION = YES;
				CLANG_WARN_OBJC_IMPLICIT_RETAIN_SELF = YES;
				CLANG_WARN_OBJC_LITERAL_CONVERSION = YES;
				CLANG_WARN_OBJC_ROOT_CLASS = YES_ERROR;
				CLANG_WARN_QUOTED_INCLUDE_IN_FRAMEWORK_HEADER = YES;
				CLANG_WARN_RANGE_LOOP_ANALYSIS = YES;
				CLANG_WARN_STRICT_PROTOTYPES = YES;
				CLANG_WARN_SUSPICIOUS_MOVE = YES;
				CLANG_WARN_UNGUARDED_AVAILABILITY = YES_AGGRESSIVE;
				CLANG_WARN_UNREACHABLE_CODE = YES;
				CLANG_WARN__DUPLICATE_METHOD_MATCH = YES;
				COPY_PHASE_STRIP = NO;
				DEBUG_INFORMATION_FORMAT = dwarf;
				ENABLE_STRICT_OBJC_MSGSEND = YES;
				ENABLE_TESTABILITY = YES;
				GCC_C_LANGUAGE_STANDARD = gnu11;
				GCC_DYNAMIC_NO_PIC = NO;
				GCC_NO_COMMON_BLOCKS = YES;
				GCC_OPTIMIZATION_LEVEL = 0;
				GCC_PREPROCESSOR_DEFINITIONS = (
					"DEBUG=1",
					"$(inherited)",
				);
				GCC_WARN_64_TO_32_BIT_CONVERSION = YES;
				GCC_WARN_ABOUT_RETURN_TYPE = YES_ERROR;
				GCC_WARN_UNDECLARED_SELECTOR = YES;
				GCC_WARN_UNINITIALIZED_AUTOS = YES_AGGRESSIVE;
				GCC_WARN_UNUSED_FUNCTION = YES;
				GCC_WARN_UNUSED_VARIABLE = YES;
				IPHONEOS_DEPLOYMENT_TARGET = 13.0;
				MTL_ENABLE_DEBUG_INFO = INCLUDE_SOURCE;
				MTL_FAST_MATH = YES;
				ONLY_ACTIVE_ARCH = YES;
				SDKROOT = iphoneos;
				SWIFT_ACTIVE_COMPILATION_CONDITIONS = DEBUG;
				SWIFT_OPTIMIZATION_LEVEL = "-Onone";
			};
			name = Debug;
		};
		00C2ACD529FEBA5C0011DD89 /* Release */ = {
			isa = XCBuildConfiguration;
			buildSettings = {
				ALWAYS_SEARCH_USER_PATHS = NO;
				CLANG_ANALYZER_NONNULL = YES;
				CLANG_ANALYZER_NUMBER_OBJECT_CONVERSION = YES_AGGRESSIVE;
				CLANG_CXX_LANGUAGE_STANDARD = "gnu++20";
				CLANG_ENABLE_MODULES = YES;
				CLANG_ENABLE_OBJC_ARC = YES;
				CLANG_ENABLE_OBJC_WEAK = YES;
				CLANG_WARN_BLOCK_CAPTURE_AUTORELEASING = YES;
				CLANG_WARN_BOOL_CONVERSION = YES;
				CLANG_WARN_COMMA = YES;
				CLANG_WARN_CONSTANT_CONVERSION = YES;
				CLANG_WARN_DEPRECATED_OBJC_IMPLEMENTATIONS = YES;
				CLANG_WARN_DIRECT_OBJC_ISA_USAGE = YES_ERROR;
				CLANG_WARN_DOCUMENTATION_COMMENTS = YES;
				CLANG_WARN_EMPTY_BODY = YES;
				CLANG_WARN_ENUM_CONVERSION = YES;
				CLANG_WARN_INFINITE_RECURSION = YES;
				CLANG_WARN_INT_CONVERSION = YES;
				CLANG_WARN_NON_LITERAL_NULL_CONVERSION = YES;
				CLANG_WARN_OBJC_IMPLICIT_RETAIN_SELF = YES;
				CLANG_WARN_OBJC_LITERAL_CONVERSION = YES;
				CLANG_WARN_OBJC_ROOT_CLASS = YES_ERROR;
				CLANG_WARN_QUOTED_INCLUDE_IN_FRAMEWORK_HEADER = YES;
				CLANG_WARN_RANGE_LOOP_ANALYSIS = YES;
				CLANG_WARN_STRICT_PROTOTYPES = YES;
				CLANG_WARN_SUSPICIOUS_MOVE = YES;
				CLANG_WARN_UNGUARDED_AVAILABILITY = YES_AGGRESSIVE;
				CLANG_WARN_UNREACHABLE_CODE = YES;
				CLANG_WARN__DUPLICATE_METHOD_MATCH = YES;
				COPY_PHASE_STRIP = NO;
				DEBUG_INFORMATION_FORMAT = "dwarf-with-dsym";
				ENABLE_NS_ASSERTIONS = NO;
				ENABLE_STRICT_OBJC_MSGSEND = YES;
				GCC_C_LANGUAGE_STANDARD = gnu11;
				GCC_NO_COMMON_BLOCKS = YES;
				GCC_WARN_64_TO_32_BIT_CONVERSION = YES;
				GCC_WARN_ABOUT_RETURN_TYPE = YES_ERROR;
				GCC_WARN_UNDECLARED_SELECTOR = YES;
				GCC_WARN_UNINITIALIZED_AUTOS = YES_AGGRESSIVE;
				GCC_WARN_UNUSED_FUNCTION = YES;
				GCC_WARN_UNUSED_VARIABLE = YES;
				IPHONEOS_DEPLOYMENT_TARGET = 13.0;
				MTL_ENABLE_DEBUG_INFO = NO;
				MTL_FAST_MATH = YES;
				SDKROOT = iphoneos;
				SWIFT_COMPILATION_MODE = wholemodule;
				SWIFT_OPTIMIZATION_LEVEL = "-O";
				VALIDATE_PRODUCT = YES;
			};
			name = Release;
		};
		00C2ACD729FEBA5C0011DD89 /* Debug */ = {
			isa = XCBuildConfiguration;
			baseConfigurationReference = EBE8171CC7047677E2AD76A9 /* Pods-ChatGenie.debug.xcconfig */;
			buildSettings = {
				ASSETCATALOG_COMPILER_APPICON_NAME = AppIcon;
				ASSETCATALOG_COMPILER_GLOBAL_ACCENT_COLOR_NAME = AccentColor;
				CODE_SIGN_STYLE = Automatic;
				CURRENT_PROJECT_VERSION = 1;
				DEVELOPMENT_TEAM = JTC82K5425;
				GENERATE_INFOPLIST_FILE = YES;
				INFOPLIST_FILE = ChatGenie/Info.plist;
				INFOPLIST_KEY_UIApplicationSupportsIndirectInputEvents = YES;
				INFOPLIST_KEY_UILaunchStoryboardName = LaunchScreen;
				INFOPLIST_KEY_UIMainStoryboardFile = Main;
				INFOPLIST_KEY_UISupportedInterfaceOrientations_iPad = "UIInterfaceOrientationPortrait UIInterfaceOrientationPortraitUpsideDown UIInterfaceOrientationLandscapeLeft UIInterfaceOrientationLandscapeRight";
				INFOPLIST_KEY_UISupportedInterfaceOrientations_iPhone = "UIInterfaceOrientationPortrait UIInterfaceOrientationLandscapeLeft UIInterfaceOrientationLandscapeRight";
				IPHONEOS_DEPLOYMENT_TARGET = 13.0;
				LD_RUNPATH_SEARCH_PATHS = (
					"$(inherited)",
					"@executable_path/Frameworks",
				);
				MARKETING_VERSION = 1.0;
				PRODUCT_BUNDLE_IDENTIFIER = com.mahin.ChatGenie;
				PRODUCT_NAME = "$(TARGET_NAME)";
				SWIFT_EMIT_LOC_STRINGS = YES;
				SWIFT_VERSION = 5.0;
				TARGETED_DEVICE_FAMILY = "1,2";
			};
			name = Debug;
		};
		00C2ACD829FEBA5C0011DD89 /* Release */ = {
			isa = XCBuildConfiguration;
			baseConfigurationReference = 8BFD168F2ABCD2A70C8049EC /* Pods-ChatGenie.release.xcconfig */;
			buildSettings = {
				ASSETCATALOG_COMPILER_APPICON_NAME = AppIcon;
				ASSETCATALOG_COMPILER_GLOBAL_ACCENT_COLOR_NAME = AccentColor;
				CODE_SIGN_STYLE = Automatic;
				CURRENT_PROJECT_VERSION = 1;
				DEVELOPMENT_TEAM = JTC82K5425;
				GENERATE_INFOPLIST_FILE = YES;
				INFOPLIST_FILE = ChatGenie/Info.plist;
				INFOPLIST_KEY_UIApplicationSupportsIndirectInputEvents = YES;
				INFOPLIST_KEY_UILaunchStoryboardName = LaunchScreen;
				INFOPLIST_KEY_UIMainStoryboardFile = Main;
				INFOPLIST_KEY_UISupportedInterfaceOrientations_iPad = "UIInterfaceOrientationPortrait UIInterfaceOrientationPortraitUpsideDown UIInterfaceOrientationLandscapeLeft UIInterfaceOrientationLandscapeRight";
				INFOPLIST_KEY_UISupportedInterfaceOrientations_iPhone = "UIInterfaceOrientationPortrait UIInterfaceOrientationLandscapeLeft UIInterfaceOrientationLandscapeRight";
				IPHONEOS_DEPLOYMENT_TARGET = 13.0;
				LD_RUNPATH_SEARCH_PATHS = (
					"$(inherited)",
					"@executable_path/Frameworks",
				);
				MARKETING_VERSION = 1.0;
				PRODUCT_BUNDLE_IDENTIFIER = com.mahin.ChatGenie;
				PRODUCT_NAME = "$(TARGET_NAME)";
				SWIFT_EMIT_LOC_STRINGS = YES;
				SWIFT_VERSION = 5.0;
				TARGETED_DEVICE_FAMILY = "1,2";
			};
			name = Release;
		};
/* End XCBuildConfiguration section */

/* Begin XCConfigurationList section */
		00C2ACBD29FEBA5A0011DD89 /* Build configuration list for PBXProject "ChatGenie" */ = {
			isa = XCConfigurationList;
			buildConfigurations = (
				00C2ACD429FEBA5C0011DD89 /* Debug */,
				00C2ACD529FEBA5C0011DD89 /* Release */,
			);
			defaultConfigurationIsVisible = 0;
			defaultConfigurationName = Release;
		};
		00C2ACD629FEBA5C0011DD89 /* Build configuration list for PBXNativeTarget "ChatGenie" */ = {
			isa = XCConfigurationList;
			buildConfigurations = (
				00C2ACD729FEBA5C0011DD89 /* Debug */,
				00C2ACD829FEBA5C0011DD89 /* Release */,
			);
			defaultConfigurationIsVisible = 0;
			defaultConfigurationName = Release;
		};
/* End XCConfigurationList section */

/* Begin XCRemoteSwiftPackageReference section */
		00C2ACD929FED3770011DD89 /* XCRemoteSwiftPackageReference "JVFloatLabeledTextField" */ = {
			isa = XCRemoteSwiftPackageReference;
			repositoryURL = "https://github.com/jverdi/JVFloatLabeledTextField";
			requirement = {
				kind = upToNextMajorVersion;
				minimumVersion = 1.2.5;
			};
		};
		00C2ACE329FF973F0011DD89 /* XCRemoteSwiftPackageReference "firebase-ios-sdk" */ = {
			isa = XCRemoteSwiftPackageReference;
			repositoryURL = "https://github.com/firebase/firebase-ios-sdk";
			requirement = {
				kind = upToNextMajorVersion;
				minimumVersion = 10.9.0;
			};
		};
		00D2E7BD29FFFAD7006A1C2A /* XCRemoteSwiftPackageReference "IQKeyboardManager" */ = {
			isa = XCRemoteSwiftPackageReference;
			repositoryURL = "https://github.com/hackiftekhar/IQKeyboardManager";
			requirement = {
				kind = upToNextMajorVersion;
				minimumVersion = 6.5.0;
			};
		};
/* End XCRemoteSwiftPackageReference section */

/* Begin XCSwiftPackageProductDependency section */
		00C2ACDA29FED3770011DD89 /* JVFloatLabeledTextField */ = {
			isa = XCSwiftPackageProductDependency;
			package = 00C2ACD929FED3770011DD89 /* XCRemoteSwiftPackageReference "JVFloatLabeledTextField" */;
			productName = JVFloatLabeledTextField;
		};
		00C2ACE429FF973F0011DD89 /* FirebaseAuth */ = {
			isa = XCSwiftPackageProductDependency;
			package = 00C2ACE329FF973F0011DD89 /* XCRemoteSwiftPackageReference "firebase-ios-sdk" */;
			productName = FirebaseAuth;
		};
		00C2ACE629FF973F0011DD89 /* FirebaseFirestore */ = {
			isa = XCSwiftPackageProductDependency;
			package = 00C2ACE329FF973F0011DD89 /* XCRemoteSwiftPackageReference "firebase-ios-sdk" */;
			productName = FirebaseFirestore;
		};
		00D2E7BE29FFFAD7006A1C2A /* IQKeyboardManagerSwift */ = {
			isa = XCSwiftPackageProductDependency;
			package = 00D2E7BD29FFFAD7006A1C2A /* XCRemoteSwiftPackageReference "IQKeyboardManager" */;
			productName = IQKeyboardManagerSwift;
		};
/* End XCSwiftPackageProductDependency section */
	};
	rootObject = 00C2ACBA29FEBA5A0011DD89 /* Project object */;
}
